
Microsoft Visual Studio Solution File, Format Version 12.00
# Visual Studio Version 17
VisualStudioVersion = 17.10.35013.160
MinimumVisualStudioVersion = 10.0.40219.1
Project("{9A19103F-16F7-4668-BE54-9A1E7A4F7556}") = "DemoWASM", "DemoWASM\DemoWASM.csproj", "{87DD8286-0F8C-4C53-824D-D2DA02AB2E37}"
EndProject
Global
	GlobalSection(SolutionConfigurationPlatforms) = preSolution
		Debug|Any CPU = Debug|Any CPU
		Release|Any CPU = Release|Any CPU
	EndGlobalSection
	GlobalSection(ProjectConfigurationPlatforms) = postSolution
		{87DD8286-0F8C-4C53-824D-D2DA02AB2E37}.Debug|Any CPU.ActiveCfg = Debug|Any CPU
		{87DD8286-0F8C-4C53-824D-D2DA02AB2E37}.Debug|Any CPU.Build.0 = Debug|Any CPU
		{87DD8286-0F8C-4C53-824D-D2DA02AB2E37}.Release|Any CPU.ActiveCfg = Release|Any CPU
		{87DD8286-0F8C-4C53-824D-D2DA02AB2E37}.Release|Any CPU.Build.0 = Release|Any CPU
	EndGlobalSection
	GlobalSection(SolutionProperties) = preSolution
		HideSolutionNode = FALSE
	EndGlobalSection
	GlobalSection(ExtensibilityGlobals) = postSolution
		SolutionGuid = {1EF8596C-0736-44EA-AB22-D7C985B57776}
	EndGlobalSection
EndGlobal
